{
    "compileClasspath": {
        "com.fasterxml.jackson.core:jackson-core": {
            "locked": "2.7.4"
        },
        "com.fasterxml.jackson.core:jackson-databind": {
            "locked": "2.4.3"
        },
        "com.google.apis:google-api-services-drive": {
            "locked": "v3-rev124-1.23.0"
        },
        "com.google.apis:google-api-services-sheets": {
            "locked": "v4-rev531-1.23.0"
        },
        "com.netflix.archaius:archaius-core": {
            "locked": "0.7.4"
        },
        "com.sun.jersey:jersey-client": {
            "locked": "1.8"
        },
        "org.slf4j:slf4j-log4j12": {
            "locked": "1.7.21"
        }
    },
    "runtimeClasspath": {
        "com.fasterxml.jackson.core:jackson-core": {
            "locked": "2.7.4"
        },
        "com.fasterxml.jackson.core:jackson-databind": {
            "locked": "2.4.3"
        },
        "com.google.apis:google-api-services-drive": {
            "locked": "v3-rev124-1.23.0"
        },
        "com.google.apis:google-api-services-sheets": {
            "locked": "v4-rev531-1.23.0"
        },
        "com.netflix.archaius:archaius-core": {
            "locked": "0.7.4"
        },
        "com.sun.jersey:jersey-client": {
            "locked": "1.8"
        },
        "org.slf4j:slf4j-log4j12": {
            "locked": "1.7.21"
        }
    },
    "testCompileClasspath": {
        "com.fasterxml.jackson.core:jackson-core": {
            "locked": "2.7.4"
        },
        "com.fasterxml.jackson.core:jackson-databind": {
            "locked": "2.4.3"
        },
        "com.google.apis:google-api-services-drive": {
            "locked": "v3-rev124-1.23.0"
        },
        "com.google.apis:google-api-services-sheets": {
            "locked": "v4-rev531-1.23.0"
        },
        "com.netflix.archaius:archaius-core": {
            "locked": "0.7.4"
        },
        "com.sun.jersey:jersey-client": {
            "locked": "1.8"
        },
        "org.mockito:mockito-core": {
            "locked": "3.3.3"
        },
        "org.slf4j:slf4j-log4j12": {
            "locked": "1.7.21"
        },
        "org.testng:testng": {
            "locked": "7.4.0"
        }
    },
    "testRuntimeClasspath": {
        "com.fasterxml.jackson.core:jackson-core": {
            "locked": "2.7.4"
        },
        "com.fasterxml.jackson.core:jackson-databind": {
            "locked": "2.4.3"
        },
        "com.google.apis:google-api-services-drive": {
            "locked": "v3-rev124-1.23.0"
        },
        "com.google.apis:google-api-services-sheets": {
            "locked": "v4-rev531-1.23.0"
        },
        "com.netflix.archaius:archaius-core": {
            "locked": "0.7.4"
        },
        "com.sun.jersey:jersey-client": {
            "locked": "1.8"
        },
        "org.mockito:mockito-core": {
            "locked": "3.3.3"
        },
        "org.slf4j:slf4j-log4j12": {
            "locked": "1.7.21"
        },
        "org.testng:testng": {
            "locked": "7.4.0"
        }
    }
}